// !$*UTF8*$!
{
	archiveVersion = 1;
	classes = {
	};
	objectVersion = 46;
	objects = {

/* Begin PBXBuildFile section */
		5240959519E9DC1100817F4E /* main.m in Sources */ = {isa = PBXBuildFile; fileRef = 5240959419E9DC1100817F4E /* main.m */; };
		5240959D19E9DE0300817F4E /* Player.m in Sources */ = {isa = PBXBuildFile; fileRef = 5240959C19E9DE0300817F4E /* Player.m */; };
		524095A019E9E10400817F4E /* Square.m in Sources */ = {isa = PBXBuildFile; fileRef = 5240959F19E9E10400817F4E /* Square.m */; };
/* End PBXBuildFile section */

/* Begin PBXCopyFilesBuildPhase section */
		5240958F19E9DC1100817F4E /* CopyFiles */ = {
			isa = PBXCopyFilesBuildPhase;
			buildActionMask = 2147483647;
			dstPath = /usr/share/man/man1/;
			dstSubfolderSpec = 0;
			files = (
			);
			runOnlyForDeploymentPostprocessing = 1;
		};
/* End PBXCopyFilesBuildPhase section */

/* Begin PBXFileReference section */
		5240959119E9DC1100817F4E /* Snakes & Ladders */ = {isa = PBXFileReference; explicitFileType = "compiled.mach-o.executable"; includeInIndex = 0; path = "Snakes & Ladders"; sourceTree = BUILT_PRODUCTS_DIR; };
		5240959419E9DC1100817F4E /* main.m */ = {isa = PBXFileReference; lastKnownFileType = sourcecode.c.objc; path = main.m; sourceTree = "<group>"; };
		5240959B19E9DE0300817F4E /* Player.h */ = {isa = PBXFileReference; fileEncoding = 4; lastKnownFileType = sourcecode.c.h; path = Player.h; sourceTree = "<group>"; };
		5240959C19E9DE0300817F4E /* Player.m */ = {isa = PBXFileReference; fileEncoding = 4; lastKnownFileType = sourcecode.c.objc; path = Player.m; sourceTree = "<group>"; };
		5240959E19E9E10400817F4E /* Square.h */ = {isa = PBXFileReference; fileEncoding = 4; lastKnownFileType = sourcecode.c.h; path = Square.h; sourceTree = "<group>"; };
		5240959F19E9E10400817F4E /* Square.m */ = {isa = PBXFileReference; fileEncoding = 4; lastKnownFileType = sourcecode.c.objc; path = Square.m; sourceTree = "<group>"; };
/* End PBXFileReference section */

/* Begin PBXFrameworksBuildPhase section */
		5240958E19E9DC1100817F4E /* Frameworks */ = {
			isa = PBXFrameworksBuildPhase;
			buildActionMask = 2147483647;
			files = (
			);
			runOnlyForDeploymentPostprocessing = 0;
		};
/* End PBXFrameworksBuildPhase section */

/* Begin PBXGroup section */
		5240958819E9DC1100817F4E = {
			isa = PBXGroup;
			children = (
				5240959319E9DC1100817F4E /* Snakes & Ladders */,
				5240959219E9DC1100817F4E /* Products */,
			);
			sourceTree = "<group>";
		};
		5240959219E9DC1100817F4E /* Products */ = {
			isa = PBXGroup;
			children = (
				5240959119E9DC1100817F4E /* Snakes & Ladders */,
			);
			name = Products;
			sourceTree = "<group>";
		};
		5240959319E9DC1100817F4E /* Snakes & Ladders */ = {
			isa = PBXGroup;
			children = (
				5240959419E9DC1100817F4E /* main.m */,
				5240959B19E9DE0300817F4E /* Player.h */,
				5240959C19E9DE0300817F4E /* Player.m */,
				5240959E19E9E10400817F4E /* Square.h */,
				5240959F19E9E10400817F4E /* Square.m */,
			);
			path = "Snakes & Ladders";
			sourceTree = "<group>";
		};
/* End PBXGroup section */

/* Begin PBXNativeTarget section */
		5240959019E9DC1100817F4E /* Snakes & Ladders */ = {
			isa = PBXNativeTarget;
			buildConfigurationList = 5240959819E9DC1100817F4E /* Build configuration list for PBXNativeTarget "Snakes & Ladders" */;
			buildPhases = (
				5240958D19E9DC1100817F4E /* Sources */,
				5240958E19E9DC1100817F4E /* Frameworks */,
				5240958F19E9DC1100817F4E /* CopyFiles */,
			);
			buildRules = (
			);
			dependencies = (
			);
			name = "Snakes & Ladders";
			productName = "Snakes & Ladders";
			productReference = 5240959119E9DC1100817F4E /* Snakes & Ladders */;
			productType = "com.apple.product-type.tool";
		};
/* End PBXNativeTarget section */

/* Begin PBXProject section */
		5240958919E9DC1100817F4E /* Project object */ = {
			isa = PBXProject;
			attributes = {
				LastUpgradeCheck = 0600;
				ORGANIZATIONNAME = "Jacob Cho";
				TargetAttributes = {
					5240959019E9DC1100817F4E = {
						CreatedOnToolsVersion = 6.0.1;
					};
				};
			};
			buildConfigurationList = 5240958C19E9DC1100817F4E /* Build configuration list for PBXProject "Snakes & Ladders" */;
			compatibilityVersion = "Xcode 3.2";
			developmentRegion = English;
			hasScannedForEncodings = 0;
			knownRegions = (
				en,
			);
			mainGroup = 5240958819E9DC1100817F4E;
			productRefGroup = 5240959219E9DC1100817F4E /* Products */;
			projectDirPath = "";
			projectRoot = "";
			targets = (
				5240959019E9DC1100817F4E /* Snakes & Ladders */,
			);
		};
/* End PBXProject section */

/* Begin PBXSourcesBuildPhase section */
		5240958D19E9DC1100817F4E /* Sources */ = {
			isa = PBXSourcesBuildPhase;
			buildActionMask = 2147483647;
			files = (
				524095A019E9E10400817F4E /* Square.m in Sources */,
				5240959D19E9DE0300817F4E /* Player.m in Sources */,
				5240959519E9DC1100817F4E /* main.m in Sources */,
			);
			runOnlyForDeploymentPostprocessing = 0;
		};
/* End PBXSourcesBuildPhase section */

/* Begin XCBuildConfiguration section */
		5240959619E9DC1100817F4E /* Debug */ = {
			isa = XCBuildConfiguration;
			buildSettings = {
				ALWAYS_SEARCH_USER_PATHS = NO;
				CLANG_CXX_LANGUAGE_STANDARD = "gnu++0x";
				CLANG_CXX_LIBRARY = "libc++";
				CLANG_ENABLE_MODULES = YES;
				CLANG_ENABLE_OBJC_ARC = YES;
				CLANG_WARN_BOOL_CONVERSION = YES;
				CLANG_WARN_CONSTANT_CONVERSION = YES;
				CLANG_WARN_DIRECT_OBJC_ISA_USAGE = YES_ERROR;
				CLANG_WARN_EMPTY_BODY = YES;
				CLANG_WARN_ENUM_CONVERSION = YES;
				CLANG_WARN_INT_CONVERSION = YES;
				CLANG_WARN_OBJC_ROOT_CLASS = YES_ERROR;
				CLANG_WARN_UNREACHABLE_CODE = YES;
				CLANG_WARN__DUPLICATE_METHOD_MATCH = YES;
				COPY_PHASE_STRIP = NO;
				ENABLE_STRICT_OBJC_MSGSEND = YES;
				GCC_C_LANGUAGE_STANDARD = gnu99;
				GCC_DYNAMIC_NO_PIC = NO;
				GCC_OPTIMIZATION_LEVEL = 0;
				GCC_PREPROCESSOR_DEFINITIONS = (
					"DEBUG=1",
					"$(inherited)",
				);
				GCC_SYMBOLS_PRIVATE_EXTERN = NO;
				GCC_WARN_64_TO_32_BIT_CONVERSION = YES;
				GCC_WARN_ABOUT_RETURN_TYPE = YES_ERROR;
				GCC_WARN_UNDECLARED_SELECTOR = YES;
				GCC_WARN_UNINITIALIZED_AUTOS = YES_AGGRESSIVE;
				GCC_WARN_UNUSED_FUNCTION = YES;
				GCC_WARN_UNUSED_VARIABLE = YES;
				MACOSX_DEPLOYMENT_TARGET = 10.9;
				MTL_ENABLE_DEBUG_INFO = YES;
				ONLY_ACTIVE_ARCH = YES;
				SDKROOT = macosx;
			};
			name = Debug;
		};
		5240959719E9DC1100817F4E /* Release */ = {
			isa = XCBuildConfiguration;
			buildSettings = {
				ALWAYS_SEARCH_USER_PATHS = NO;
				CLANG_CXX_LANGUAGE_STANDARD = "gnu++0x";
				CLANG_CXX_LIBRARY = "libc++";
				CLANG_ENABLE_MODULES = YES;
				CLANG_ENABLE_OBJC_ARC = YES;
				CLANG_WARN_BOOL_CONVERSION = YES;
				CLANG_WARN_CONSTANT_CONVERSION = YES;
				CLANG_WARN_DIRECT_OBJC_ISA_USAGE = YES_ERROR;
				CLANG_WARN_EMPTY_BODY = YES;
				CLANG_WARN_ENUM_CONVERSION = YES;
				CLANG_WARN_INT_CONVERSION = YES;
				CLANG_WARN_OBJC_ROOT_CLASS = YES_ERROR;
				CLANG_WARN_UNREACHABLE_CODE = YES;
				CLANG_WARN__DUPLICATE_METHOD_MATCH = YES;
				COPY_PHASE_STRIP = YES;
				DEBUG_INFORMATION_FORMAT = "dwarf-with-dsym";
				ENABLE_NS_ASSERTIONS = NO;
				ENABLE_STRICT_OBJC_MSGSEND = YES;
				GCC_C_LANGUAGE_STANDARD = gnu99;
				GCC_WARN_64_TO_32_BIT_CONVERSION = YES;
				GCC_WARN_ABOUT_RETURN_TYPE = YES_ERROR;
				GCC_WARN_UNDECLARED_SELECTOR = YES;
				GCC_WARN_UNINITIALIZED_AUTOS = YES_AGGRESSIVE;
				GCC_WARN_UNUSED_FUNCTION = YES;
				GCC_WARN_UNUSED_VARIABLE = YES;
				MACOSX_DEPLOYMENT_TARGET = 10.9;
				MTL_ENABLE_DEBUG_INFO = NO;
				SDKROOT = macosx;
			};
			name = Release;
		};
		5240959919E9DC1100817F4E /* Debug */ = {
			isa = XCBuildConfiguration;
			buildSettings = {
				PRODUCT_NAME = "$(TARGET_NAME)";
			};
			name = Debug;
		};
		5240959A19E9DC1100817F4E /* Release */ = {
			isa = XCBuildConfiguration;
			buildSettings = {
				PRODUCT_NAME = "$(TARGET_NAME)";
			};
			name = Release;
		};
/* End XCBuildConfiguration section */

/* Begin XCConfigurationList section */
		5240958C19E9DC1100817F4E /* Build configuration list for PBXProject "Snakes & Ladders" */ = {
			isa = XCConfigurationList;
			buildConfigurations = (
				5240959619E9DC1100817F4E /* Debug */,
				5240959719E9DC1100817F4E /* Release */,
			);
			defaultConfigurationIsVisible = 0;
			defaultConfigurationName = Release;
		};
		5240959819E9DC1100817F4E /* Build configuration list for PBXNativeTarget "Snakes & Ladders" */ = {
			isa = XCConfigurationList;
			buildConfigurations = (
				5240959919E9DC1100817F4E /* Debug */,
				5240959A19E9DC1100817F4E /* Release */,
			);
			defaultConfigurationIsVisible = 0;
		};
/* End XCConfigurationList section */
	};
	rootObject = 5240958919E9DC1100817F4E /* Project object */;
}
